
Microsoft Visual Studio Solution File, Format Version 12.00
# Visual Studio 15
Project("{FAE04EC0-301F-11D3-BF4B-00C04F79EFBC}") = "Assembly-CSharp", "Assembly-CSharp.csproj", "{EAE82710-FD62-1C6D-A8D5-D46349B3A067}"
EndProject
Project("{FAE04EC0-301F-11D3-BF4B-00C04F79EFBC}") = "Assembly-CSharp-Editor", "Assembly-CSharp-Editor.csproj", "{92A9650D-12B9-F39C-D3AA-5EF2F7655B60}"
EndProject
Global
	GlobalSection(SolutionConfigurationPlatforms) = preSolution
		Debug|Any CPU = Debug|Any CPU
		Release|Any CPU = Release|Any CPU
	EndGlobalSection
	GlobalSection(ProjectConfigurationPlatforms) = postSolution
		{EAE82710-FD62-1C6D-A8D5-D46349B3A067}.Debug|Any CPU.ActiveCfg = Debug|Any CPU
		{EAE82710-FD62-1C6D-A8D5-D46349B3A067}.Debug|Any CPU.Build.0 = Debug|Any CPU
		{EAE82710-FD62-1C6D-A8D5-D46349B3A067}.Release|Any CPU.ActiveCfg = Release|Any CPU
		{EAE82710-FD62-1C6D-A8D5-D46349B3A067}.Release|Any CPU.Build.0 = Release|Any CPU
		{92A9650D-12B9-F39C-D3AA-5EF2F7655B60}.Debug|Any CPU.ActiveCfg = Debug|Any CPU
		{92A9650D-12B9-F39C-D3AA-5EF2F7655B60}.Debug|Any CPU.Build.0 = Debug|Any CPU
		{92A9650D-12B9-F39C-D3AA-5EF2F7655B60}.Release|Any CPU.ActiveCfg = Release|Any CPU
		{92A9650D-12B9-F39C-D3AA-5EF2F7655B60}.Release|Any CPU.Build.0 = Release|Any CPU
	EndGlobalSection
	GlobalSection(SolutionProperties) = preSolution
		HideSolutionNode = FALSE
	EndGlobalSection
EndGlobal
